// !$*UTF8*$!
{
	archiveVersion = 1;
	classes = {
	};
	objectVersion = 90;
	objects = {

/* Begin PBXBuildFile section */
		9E5E04FD2EA69567009EC91B /* AVFoundation.framework in Frameworks */ = {isa = PBXBuildFile; fileRef = 9E86D5EE2E12F25000E07749 /* AVFoundation.framework */; };
		9E913E452EA14FD2007F4010 /* KeyboardShortcuts in Frameworks */ = {isa = PBXBuildFile; productRef = 9E913E442EA14FD2007F4010 /* KeyboardShortcuts */; };
		9EC1F2C72E9852ED0010D03D /* Testing.framework in Frameworks */ = {isa = PBXBuildFile; fileRef = 9EC1F2C62E9852ED0010D03D /* Testing.framework */; };
		9EC1F2C82E9852ED0010D03D /* Testing.framework in Embed Frameworks */ = {isa = PBXBuildFile; fileRef = 9EC1F2C62E9852ED0010D03D /* Testing.framework */; settings = {ATTRIBUTES = (CodeSignOnCopy, RemoveHeadersOnCopy, ); }; };
		9EE27639299427130014163B /* cambar.swift in Sources */ = {isa = PBXBuildFile; fileRef = 9EE27638299427130014163B /* cambar.swift */; };
		9EE2763D299427130014163B /* Assets.xcassets in Resources */ = {isa = PBXBuildFile; fileRef = 9EE2763C299427130014163B /* Assets.xcassets */; };
/* End PBXBuildFile section */

/* Begin PBXContainerItemProxy section */
		9EC1F2BF2E9851EA0010D03D /* PBXContainerItemProxy */ = {
			isa = PBXContainerItemProxy;
			containerPortal = 9EE2762D299427130014163B /* Project object */;
			proxyType = 1;
			remoteGlobalIDString = 9EE27634299427130014163B;
			remoteInfo = cambar;
		};
/* End PBXContainerItemProxy section */

/* Begin PBXCopyFilesBuildPhase section */
		9EC1F2C92E9852ED0010D03D /* Embed Frameworks */ = {
			isa = PBXCopyFilesBuildPhase;
			dstPath = "";
			dstSubfolder = Frameworks;
			files = (
				9EC1F2C82E9852ED0010D03D /* Testing.framework in Embed Frameworks */,
			);
			name = "Embed Frameworks";
		};
/* End PBXCopyFilesBuildPhase section */

/* Begin PBXFileReference section */
		9E86D5EE2E12F25000E07749 /* AVFoundation.framework */ = {isa = PBXFileReference; lastKnownFileType = wrapper.framework; name = AVFoundation.framework; path = System/Library/Frameworks/AVFoundation.framework; sourceTree = SDKROOT; };
		9EC1F2BB2E9851EA0010D03D /* cambarTests.xctest */ = {isa = PBXFileReference; explicitFileType = wrapper.cfbundle; includeInIndex = 0; path = cambarTests.xctest; sourceTree = BUILT_PRODUCTS_DIR; };
		9EC1F2C62E9852ED0010D03D /* Testing.framework */ = {isa = PBXFileReference; lastKnownFileType = wrapper.framework; name = Testing.framework; path = Platforms/MacOSX.platform/Developer/Library/Frameworks/Testing.framework; sourceTree = DEVELOPER_DIR; };
		9EC1F2CA2E9860790010D03D /* cambar.xctestplan */ = {isa = PBXFileReference; lastKnownFileType = text; path = cambar.xctestplan; sourceTree = "<group>"; };
		9EE27635299427130014163B /* cambar.app */ = {isa = PBXFileReference; explicitFileType = wrapper.application; includeInIndex = 0; path = cambar.app; sourceTree = BUILT_PRODUCTS_DIR; };
		9EE27638299427130014163B /* cambar.swift */ = {isa = PBXFileReference; lastKnownFileType = sourcecode.swift; path = cambar.swift; sourceTree = "<group>"; };
		9EE2763C299427130014163B /* Assets.xcassets */ = {isa = PBXFileReference; lastKnownFileType = folder.assetcatalog; path = Assets.xcassets; sourceTree = "<group>"; };
		9EE27641299427130014163B /* cambar.entitlements */ = {isa = PBXFileReference; lastKnownFileType = text.plist.entitlements; path = cambar.entitlements; sourceTree = "<group>"; };
		9EE27647299427740014163B /* Info.plist */ = {isa = PBXFileReference; lastKnownFileType = text.plist; path = Info.plist; sourceTree = "<group>"; };
/* End PBXFileReference section */

/* Begin PBXFileSystemSynchronizedRootGroup section */
		9E668BBE2E9D4E50008AD9BE /* Camera */ = {
			isa = PBXFileSystemSynchronizedRootGroup;
			path = Camera;
			sourceTree = "<group>";
		};
		9EAB7DBC2E98203D00216133 /* Views */ = {
			isa = PBXFileSystemSynchronizedRootGroup;
			path = Views;
			sourceTree = "<group>";
		};
		9EAB7DC22E98204200216133 /* Controllers */ = {
			isa = PBXFileSystemSynchronizedRootGroup;
			path = Controllers;
			sourceTree = "<group>";
		};
		9EC1F2BC2E9851EA0010D03D /* cambarTests */ = {
			isa = PBXFileSystemSynchronizedRootGroup;
			path = cambarTests;
			sourceTree = "<group>";
		};
/* End PBXFileSystemSynchronizedRootGroup section */

/* Begin PBXFrameworksBuildPhase section */
		9EC1F2B82E9851EA0010D03D /* Frameworks */ = {
			isa = PBXFrameworksBuildPhase;
			files = (
				9EC1F2C72E9852ED0010D03D /* Testing.framework in Frameworks */,
			);
		};
		9EE27632299427130014163B /* Frameworks */ = {
			isa = PBXFrameworksBuildPhase;
			files = (
				9E5E04FD2EA69567009EC91B /* AVFoundation.framework in Frameworks */,
				9E913E452EA14FD2007F4010 /* KeyboardShortcuts in Frameworks */,
			);
		};
/* End PBXFrameworksBuildPhase section */

/* Begin PBXGroup section */
		9E86D5ED2E12F24F00E07749 /* Frameworks */ = {
			isa = PBXGroup;
			children = (
				9EC1F2C62E9852ED0010D03D /* Testing.framework */,
				9E86D5EE2E12F25000E07749 /* AVFoundation.framework */,
			);
			name = Frameworks;
			sourceTree = "<group>";
		};
		9EE2762C299427130014163B = {
			isa = PBXGroup;
			children = (
				9EC1F2CA2E9860790010D03D /* cambar.xctestplan */,
				9EE27637299427130014163B /* cambar */,
				9EC1F2BC2E9851EA0010D03D /* cambarTests */,
				9E86D5ED2E12F24F00E07749 /* Frameworks */,
				9EE27636299427130014163B /* Products */,
			);
			sourceTree = "<group>";
		};
		9EE27636299427130014163B /* Products */ = {
			isa = PBXGroup;
			children = (
				9EE27635299427130014163B /* cambar.app */,
				9EC1F2BB2E9851EA0010D03D /* cambarTests.xctest */,
			);
			name = Products;
			sourceTree = "<group>";
		};
		9EE27637299427130014163B /* cambar */ = {
			isa = PBXGroup;
			children = (
				9EE27638299427130014163B /* cambar.swift */,
				9E668BBE2E9D4E50008AD9BE /* Camera */,
				9EAB7DBC2E98203D00216133 /* Views */,
				9EAB7DC22E98204200216133 /* Controllers */,
				9EE27647299427740014163B /* Info.plist */,
				9EFF96D72E7C551800944B9A /* Assets */,
				9EE27641299427130014163B /* cambar.entitlements */,
			);
			path = cambar;
			sourceTree = "<group>";
		};
		9EFF96D72E7C551800944B9A /* Assets */ = {
			isa = PBXGroup;
			children = (
				9EE2763C299427130014163B /* Assets.xcassets */,
			);
			path = Assets;
			sourceTree = "<group>";
		};
/* End PBXGroup section */

/* Begin PBXNativeTarget section */
		9EC1F2BA2E9851EA0010D03D /* cambarTests */ = {
			isa = PBXNativeTarget;
			buildConfigurationList = 9EC1F2C12E9851EA0010D03D /* Build configuration list for PBXNativeTarget "cambarTests" */;
			buildPhases = (
				9EC1F2B72E9851EA0010D03D /* Sources */,
				9EC1F2B82E9851EA0010D03D /* Frameworks */,
				9EC1F2B92E9851EA0010D03D /* Resources */,
				9EC1F2C92E9852ED0010D03D /* Embed Frameworks */,
			);
			buildRules = (
			);
			dependencies = (
				9EC1F2C02E9851EA0010D03D /* PBXTargetDependency */,
			);
			fileSystemSynchronizedGroups = (
				9EC1F2BC2E9851EA0010D03D /* cambarTests */,
			);
			name = cambarTests;
			productName = cambarTests;
			productReference = 9EC1F2BB2E9851EA0010D03D /* cambarTests.xctest */;
			productType = "com.apple.product-type.bundle.unit-test";
		};
		9EE27634299427130014163B /* cambar */ = {
			isa = PBXNativeTarget;
			buildConfigurationList = 9EE27644299427130014163B /* Build configuration list for PBXNativeTarget "cambar" */;
			buildPhases = (
				9EE27631299427130014163B /* Sources */,
				9EE27632299427130014163B /* Frameworks */,
				9EE27633299427130014163B /* Resources */,
			);
			buildRules = (
			);
			fileSystemSynchronizedGroups = (
				9E668BBE2E9D4E50008AD9BE /* Camera */,
				9EAB7DBC2E98203D00216133 /* Views */,
				9EAB7DC22E98204200216133 /* Controllers */,
			);
			name = cambar;
			packageProductDependencies = (
				9E913E442EA14FD2007F4010 /* KeyboardShortcuts */,
			);
			productName = camprey;
			productReference = 9EE27635299427130014163B /* cambar.app */;
			productType = "com.apple.product-type.application";
		};
/* End PBXNativeTarget section */

/* Begin PBXProject section */
		9EE2762D299427130014163B /* Project object */ = {
			isa = PBXProject;
			attributes = {
				BuildIndependentTargetsInParallel = 1;
				CLASSPREFIX = com.stdev;
				LastSwiftUpdateCheck = 2600;
				LastUpgradeCheck = 2620;
				ORGANIZATIONNAME = stdev;
				TargetAttributes = {
					9EC1F2BA2E9851EA0010D03D = {
						CreatedOnToolsVersion = 26.0.1;
						TestTargetID = 9EE27634299427130014163B;
					};
					9EE27634299427130014163B = {
						CreatedOnToolsVersion = 14.2;
					};
				};
			};
			buildConfigurationList = 9EE27630299427130014163B /* Build configuration list for PBXProject "cambar" */;
			developmentRegion = en;
			hasScannedForEncodings = 0;
			knownRegions = (
				en,
				Base,
			);
			mainGroup = 9EE2762C299427130014163B;
			packageReferences = (
				9E913E432EA14FD2007F4010 /* XCRemoteSwiftPackageReference "KeyboardShortcuts" */,
			);
			preferredProjectObjectVersion = 90;
			productRefGroup = 9EE27636299427130014163B /* Products */;
			projectDirPath = "";
			projectRoot = "";
			targets = (
				9EE27634299427130014163B /* cambar */,
				9EC1F2BA2E9851EA0010D03D /* cambarTests */,
			);
		};
/* End PBXProject section */

/* Begin PBXResourcesBuildPhase section */
		9EC1F2B92E9851EA0010D03D /* Resources */ = {
			isa = PBXResourcesBuildPhase;
			files = (
			);
		};
		9EE27633299427130014163B /* Resources */ = {
			isa = PBXResourcesBuildPhase;
			files = (
				9EE2763D299427130014163B /* Assets.xcassets in Resources */,
			);
		};
/* End PBXResourcesBuildPhase section */

/* Begin PBXSourcesBuildPhase section */
		9EC1F2B72E9851EA0010D03D /* Sources */ = {
			isa = PBXSourcesBuildPhase;
			files = (
			);
		};
		9EE27631299427130014163B /* Sources */ = {
			isa = PBXSourcesBuildPhase;
			files = (
				9EE27639299427130014163B /* cambar.swift in Sources */,
			);
		};
/* End PBXSourcesBuildPhase section */

/* Begin PBXTargetDependency section */
		9EC1F2C02E9851EA0010D03D /* PBXTargetDependency */ = {
			isa = PBXTargetDependency;
			target = 9EE27634299427130014163B /* cambar */;
			targetProxy = 9EC1F2BF2E9851EA0010D03D /* PBXContainerItemProxy */;
		};
/* End PBXTargetDependency section */

/* Begin XCBuildConfiguration section */
		9EC1F2C22E9851EA0010D03D /* Debug configuration for PBXNativeTarget "cambarTests" */ = {
			isa = XCBuildConfiguration;
			buildSettings = {
				ASSETCATALOG_COMPILER_GENERATE_SWIFT_ASSET_SYMBOL_EXTENSIONS = YES;
				BUNDLE_LOADER = "$(TEST_HOST)";
				CODE_SIGN_STYLE = Automatic;
				CURRENT_PROJECT_VERSION = 1;
				DEVELOPMENT_TEAM = TM3VXQ389G;
				GCC_C_LANGUAGE_STANDARD = gnu17;
				GENERATE_INFOPLIST_FILE = YES;
				LOCALIZATION_PREFERS_STRING_CATALOGS = YES;
				MARKETING_VERSION = 1.0;
				PRODUCT_BUNDLE_IDENTIFIER = com.stdev.cambarTests;
				PRODUCT_NAME = "$(TARGET_NAME)";
				STRING_CATALOG_GENERATE_SYMBOLS = NO;
				SWIFT_ACTIVE_COMPILATION_CONDITIONS = "DEBUG $(inherited)";
				SWIFT_APPROACHABLE_CONCURRENCY = YES;
				SWIFT_EMIT_LOC_STRINGS = NO;
				SWIFT_UPCOMING_FEATURE_MEMBER_IMPORT_VISIBILITY = YES;
				SWIFT_VERSION = 5.0;
				TEST_HOST = "$(BUILT_PRODUCTS_DIR)/cambar.app/$(BUNDLE_EXECUTABLE_FOLDER_PATH)/cambar";
			};
			name = Debug;
		};
		9EC1F2C32E9851EA0010D03D /* Release configuration for PBXNativeTarget "cambarTests" */ = {
			isa = XCBuildConfiguration;
			buildSettings = {
				ASSETCATALOG_COMPILER_GENERATE_SWIFT_ASSET_SYMBOL_EXTENSIONS = YES;
				BUNDLE_LOADER = "$(TEST_HOST)";
				CODE_SIGN_STYLE = Automatic;
				CURRENT_PROJECT_VERSION = 1;
				DEVELOPMENT_TEAM = TM3VXQ389G;
				GCC_C_LANGUAGE_STANDARD = gnu17;
				GENERATE_INFOPLIST_FILE = YES;
				LOCALIZATION_PREFERS_STRING_CATALOGS = YES;
				MARKETING_VERSION = 1.0;
				PRODUCT_BUNDLE_IDENTIFIER = com.stdev.cambarTests;
				PRODUCT_NAME = "$(TARGET_NAME)";
				STRING_CATALOG_GENERATE_SYMBOLS = NO;
				SWIFT_APPROACHABLE_CONCURRENCY = YES;
				SWIFT_EMIT_LOC_STRINGS = NO;
				SWIFT_UPCOMING_FEATURE_MEMBER_IMPORT_VISIBILITY = YES;
				SWIFT_VERSION = 5.0;
				TEST_HOST = "$(BUILT_PRODUCTS_DIR)/cambar.app/$(BUNDLE_EXECUTABLE_FOLDER_PATH)/cambar";
			};
			name = Release;
		};
		9EE27642299427130014163B /* Debug configuration for PBXProject "cambar" */ = {
			isa = XCBuildConfiguration;
			buildSettings = {
				ALWAYS_SEARCH_USER_PATHS = NO;
				ASSETCATALOG_COMPILER_GENERATE_SWIFT_ASSET_SYMBOL_EXTENSIONS = YES;
				CLANG_ANALYZER_NONNULL = YES;
				CLANG_ANALYZER_NUMBER_OBJECT_CONVERSION = YES_AGGRESSIVE;
				CLANG_CXX_LANGUAGE_STANDARD = "gnu++20";
				CLANG_ENABLE_MODULES = YES;
				CLANG_ENABLE_OBJC_ARC = YES;
				CLANG_ENABLE_OBJC_WEAK = YES;
				CLANG_WARN_BLOCK_CAPTURE_AUTORELEASING = YES;
				CLANG_WARN_BOOL_CONVERSION = YES;
				CLANG_WARN_COMMA = YES;
				CLANG_WARN_CONSTANT_CONVERSION = YES;
				CLANG_WARN_DEPRECATED_OBJC_IMPLEMENTATIONS = YES;
				CLANG_WARN_DIRECT_OBJC_ISA_USAGE = YES_ERROR;
				CLANG_WARN_DOCUMENTATION_COMMENTS = YES;
				CLANG_WARN_EMPTY_BODY = YES;
				CLANG_WARN_ENUM_CONVERSION = YES;
				CLANG_WARN_INFINITE_RECURSION = YES;
				CLANG_WARN_INT_CONVERSION = YES;
				CLANG_WARN_NON_LITERAL_NULL_CONVERSION = YES;
				CLANG_WARN_OBJC_IMPLICIT_RETAIN_SELF = YES;
				CLANG_WARN_OBJC_LITERAL_CONVERSION = YES;
				CLANG_WARN_OBJC_ROOT_CLASS = YES_ERROR;
				CLANG_WARN_QUOTED_INCLUDE_IN_FRAMEWORK_HEADER = YES;
				CLANG_WARN_RANGE_LOOP_ANALYSIS = YES;
				CLANG_WARN_STRICT_PROTOTYPES = YES;
				CLANG_WARN_SUSPICIOUS_MOVE = YES;
				CLANG_WARN_UNGUARDED_AVAILABILITY = YES_AGGRESSIVE;
				CLANG_WARN_UNREACHABLE_CODE = YES;
				CLANG_WARN__DUPLICATE_METHOD_MATCH = YES;
				COPY_PHASE_STRIP = NO;
				DEAD_CODE_STRIPPING = YES;
				DEBUG_INFORMATION_FORMAT = dwarf;
				DEVELOPMENT_TEAM = TM3VXQ389G;
				ENABLE_STRICT_OBJC_MSGSEND = YES;
				ENABLE_TESTABILITY = YES;
				ENABLE_USER_SCRIPT_SANDBOXING = YES;
				GCC_C_LANGUAGE_STANDARD = gnu11;
				GCC_DYNAMIC_NO_PIC = NO;
				GCC_NO_COMMON_BLOCKS = YES;
				GCC_OPTIMIZATION_LEVEL = 0;
				GCC_PREPROCESSOR_DEFINITIONS = (
					"DEBUG=1",
					"$(inherited)",
				);
				GCC_WARN_64_TO_32_BIT_CONVERSION = YES;
				GCC_WARN_ABOUT_RETURN_TYPE = YES_ERROR;
				GCC_WARN_UNDECLARED_SELECTOR = YES;
				GCC_WARN_UNINITIALIZED_AUTOS = YES_AGGRESSIVE;
				GCC_WARN_UNUSED_FUNCTION = YES;
				GCC_WARN_UNUSED_VARIABLE = YES;
				MACOSX_DEPLOYMENT_TARGET = 26.0;
				MTL_ENABLE_DEBUG_INFO = INCLUDE_SOURCE;
				MTL_FAST_MATH = YES;
				ONLY_ACTIVE_ARCH = YES;
				SDKROOT = macosx;
				STRING_CATALOG_GENERATE_SYMBOLS = YES;
				SWIFT_ACTIVE_COMPILATION_CONDITIONS = DEBUG;
				SWIFT_OPTIMIZATION_LEVEL = "-Onone";
			};
			name = Debug;
		};
		9EE27643299427130014163B /* Release configuration for PBXProject "cambar" */ = {
			isa = XCBuildConfiguration;
			buildSettings = {
				ALWAYS_SEARCH_USER_PATHS = NO;
				ASSETCATALOG_COMPILER_GENERATE_SWIFT_ASSET_SYMBOL_EXTENSIONS = YES;
				CLANG_ANALYZER_NONNULL = YES;
				CLANG_ANALYZER_NUMBER_OBJECT_CONVERSION = YES_AGGRESSIVE;
				CLANG_CXX_LANGUAGE_STANDARD = "gnu++20";
				CLANG_ENABLE_MODULES = YES;
				CLANG_ENABLE_OBJC_ARC = YES;
				CLANG_ENABLE_OBJC_WEAK = YES;
				CLANG_WARN_BLOCK_CAPTURE_AUTORELEASING = YES;
				CLANG_WARN_BOOL_CONVERSION = YES;
				CLANG_WARN_COMMA = YES;
				CLANG_WARN_CONSTANT_CONVERSION = YES;
				CLANG_WARN_DEPRECATED_OBJC_IMPLEMENTATIONS = YES;
				CLANG_WARN_DIRECT_OBJC_ISA_USAGE = YES_ERROR;
				CLANG_WARN_DOCUMENTATION_COMMENTS = YES;
				CLANG_WARN_EMPTY_BODY = YES;
				CLANG_WARN_ENUM_CONVERSION = YES;
				CLANG_WARN_INFINITE_RECURSION = YES;
				CLANG_WARN_INT_CONVERSION = YES;
				CLANG_WARN_NON_LITERAL_NULL_CONVERSION = YES;
				CLANG_WARN_OBJC_IMPLICIT_RETAIN_SELF = YES;
				CLANG_WARN_OBJC_LITERAL_CONVERSION = YES;
				CLANG_WARN_OBJC_ROOT_CLASS = YES_ERROR;
				CLANG_WARN_QUOTED_INCLUDE_IN_FRAMEWORK_HEADER = YES;
				CLANG_WARN_RANGE_LOOP_ANALYSIS = YES;
				CLANG_WARN_STRICT_PROTOTYPES = YES;
				CLANG_WARN_SUSPICIOUS_MOVE = YES;
				CLANG_WARN_UNGUARDED_AVAILABILITY = YES_AGGRESSIVE;
				CLANG_WARN_UNREACHABLE_CODE = YES;
				CLANG_WARN__DUPLICATE_METHOD_MATCH = YES;
				COPY_PHASE_STRIP = NO;
				DEAD_CODE_STRIPPING = YES;
				DEBUG_INFORMATION_FORMAT = "dwarf-with-dsym";
				DEVELOPMENT_TEAM = TM3VXQ389G;
				ENABLE_NS_ASSERTIONS = NO;
				ENABLE_STRICT_OBJC_MSGSEND = YES;
				ENABLE_USER_SCRIPT_SANDBOXING = YES;
				GCC_C_LANGUAGE_STANDARD = gnu11;
				GCC_NO_COMMON_BLOCKS = YES;
				GCC_WARN_64_TO_32_BIT_CONVERSION = YES;
				GCC_WARN_ABOUT_RETURN_TYPE = YES_ERROR;
				GCC_WARN_UNDECLARED_SELECTOR = YES;
				GCC_WARN_UNINITIALIZED_AUTOS = YES_AGGRESSIVE;
				GCC_WARN_UNUSED_FUNCTION = YES;
				GCC_WARN_UNUSED_VARIABLE = YES;
				MACOSX_DEPLOYMENT_TARGET = 26.0;
				MTL_ENABLE_DEBUG_INFO = NO;
				MTL_FAST_MATH = YES;
				SDKROOT = macosx;
				STRING_CATALOG_GENERATE_SYMBOLS = YES;
				SWIFT_COMPILATION_MODE = wholemodule;
				SWIFT_OPTIMIZATION_LEVEL = "-O";
			};
			name = Release;
		};
		9EE27645299427130014163B /* Debug configuration for PBXNativeTarget "cambar" */ = {
			isa = XCBuildConfiguration;
			buildSettings = {
				ASSETCATALOG_COMPILER_APPICON_NAME = AppIcon;
				ASSETCATALOG_COMPILER_GLOBAL_ACCENT_COLOR_NAME = AccentColor;
				"ASSETCATALOG_COMPILER_GLOBAL_ACCENT_COLOR_NAME[sdk=*]" = AccentColor;
				ASSETCATALOG_COMPILER_INCLUDE_ALL_APPICON_ASSETS = YES;
				AUTOMATION_APPLE_EVENTS = NO;
				CODE_SIGN_ENTITLEMENTS = cambar/cambar.entitlements;
				CODE_SIGN_IDENTITY = "Apple Development";
				"CODE_SIGN_IDENTITY[sdk=macosx*]" = "Apple Development";
				CODE_SIGN_STYLE = Automatic;
				COMBINE_HIDPI_IMAGES = YES;
				CURRENT_PROJECT_VERSION = 1;
				DEAD_CODE_STRIPPING = YES;
				DEVELOPMENT_ASSET_PATHS = "";
				ENABLE_APP_SANDBOX = YES;
				ENABLE_HARDENED_RUNTIME = YES;
				ENABLE_INCOMING_NETWORK_CONNECTIONS = NO;
				ENABLE_OUTGOING_NETWORK_CONNECTIONS = NO;
				ENABLE_PREVIEWS = YES;
				ENABLE_RESOURCE_ACCESS_AUDIO_INPUT = NO;
				ENABLE_RESOURCE_ACCESS_BLUETOOTH = NO;
				ENABLE_RESOURCE_ACCESS_CALENDARS = NO;
				ENABLE_RESOURCE_ACCESS_CAMERA = YES;
				ENABLE_RESOURCE_ACCESS_CONTACTS = NO;
				ENABLE_RESOURCE_ACCESS_LOCATION = NO;
				ENABLE_RESOURCE_ACCESS_PHOTO_LIBRARY = NO;
				ENABLE_RESOURCE_ACCESS_PRINTING = NO;
				ENABLE_RESOURCE_ACCESS_USB = YES;
				GENERATE_INFOPLIST_FILE = YES;
				INFOPLIST_FILE = cambar/Info.plist;
				INFOPLIST_KEY_CFBundleDisplayName = "cambar - menubar camera view";
				INFOPLIST_KEY_LSApplicationCategoryType = "public.app-category.video";
				INFOPLIST_KEY_LSUIElement = YES;
				INFOPLIST_KEY_NSCameraUsageDescription = "We need your camera so we can see you!";
				INFOPLIST_KEY_NSHumanReadableCopyright = "";
				LD_RUNPATH_SEARCH_PATHS = (
					"$(inherited)",
					"@executable_path/../Frameworks",
				);
				MACOSX_DEPLOYMENT_TARGET = 26.0;
				MARKETING_VERSION = 1.300;
				NEW_SETTING = "";
				PRODUCT_BUNDLE_IDENTIFIER = com.stdev.cambar;
				PRODUCT_NAME = "$(TARGET_NAME)";
				PROVISIONING_PROFILE_SPECIFIER = "";
				RUNTIME_EXCEPTION_ALLOW_DYLD_ENVIRONMENT_VARIABLES = NO;
				RUNTIME_EXCEPTION_ALLOW_JIT = NO;
				RUNTIME_EXCEPTION_ALLOW_UNSIGNED_EXECUTABLE_MEMORY = NO;
				RUNTIME_EXCEPTION_DEBUGGING_TOOL = NO;
				RUNTIME_EXCEPTION_DISABLE_EXECUTABLE_PAGE_PROTECTION = NO;
				RUNTIME_EXCEPTION_DISABLE_LIBRARY_VALIDATION = NO;
				SUPPORTED_PLATFORMS = macosx;
				SUPPORTS_MACCATALYST = NO;
				SWIFT_EMIT_LOC_STRINGS = YES;
				SWIFT_VERSION = 5.0;
			};
			name = Debug;
		};
		9EE27646299427130014163B /* Release configuration for PBXNativeTarget "cambar" */ = {
			isa = XCBuildConfiguration;
			buildSettings = {
				ASSETCATALOG_COMPILER_APPICON_NAME = AppIcon;
				ASSETCATALOG_COMPILER_GLOBAL_ACCENT_COLOR_NAME = AccentColor;
				"ASSETCATALOG_COMPILER_GLOBAL_ACCENT_COLOR_NAME[sdk=*]" = AccentColor;
				ASSETCATALOG_COMPILER_INCLUDE_ALL_APPICON_ASSETS = YES;
				AUTOMATION_APPLE_EVENTS = NO;
				CODE_SIGN_ENTITLEMENTS = cambar/cambar.entitlements;
				CODE_SIGN_IDENTITY = "Apple Development";
				"CODE_SIGN_IDENTITY[sdk=macosx*]" = "Apple Development";
				CODE_SIGN_STYLE = Automatic;
				COMBINE_HIDPI_IMAGES = YES;
				CURRENT_PROJECT_VERSION = 1;
				DEAD_CODE_STRIPPING = YES;
				DEVELOPMENT_ASSET_PATHS = "";
				ENABLE_APP_SANDBOX = YES;
				ENABLE_HARDENED_RUNTIME = YES;
				ENABLE_INCOMING_NETWORK_CONNECTIONS = NO;
				ENABLE_OUTGOING_NETWORK_CONNECTIONS = NO;
				ENABLE_PREVIEWS = YES;
				ENABLE_RESOURCE_ACCESS_AUDIO_INPUT = NO;
				ENABLE_RESOURCE_ACCESS_BLUETOOTH = NO;
				ENABLE_RESOURCE_ACCESS_CALENDARS = NO;
				ENABLE_RESOURCE_ACCESS_CAMERA = YES;
				ENABLE_RESOURCE_ACCESS_CONTACTS = NO;
				ENABLE_RESOURCE_ACCESS_LOCATION = NO;
				ENABLE_RESOURCE_ACCESS_PHOTO_LIBRARY = NO;
				ENABLE_RESOURCE_ACCESS_PRINTING = NO;
				ENABLE_RESOURCE_ACCESS_USB = YES;
				GENERATE_INFOPLIST_FILE = YES;
				INFOPLIST_FILE = cambar/Info.plist;
				INFOPLIST_KEY_CFBundleDisplayName = "cambar - menubar camera view";
				INFOPLIST_KEY_LSApplicationCategoryType = "public.app-category.video";
				INFOPLIST_KEY_LSUIElement = YES;
				INFOPLIST_KEY_NSCameraUsageDescription = "We need your camera so we can see you!";
				INFOPLIST_KEY_NSHumanReadableCopyright = "";
				LD_RUNPATH_SEARCH_PATHS = (
					"$(inherited)",
					"@executable_path/../Frameworks",
				);
				MACOSX_DEPLOYMENT_TARGET = 26.0;
				MARKETING_VERSION = 1.300;
				NEW_SETTING = "";
				PRODUCT_BUNDLE_IDENTIFIER = com.stdev.cambar;
				PRODUCT_NAME = "$(TARGET_NAME)";
				PROVISIONING_PROFILE_SPECIFIER = "";
				RUNTIME_EXCEPTION_ALLOW_DYLD_ENVIRONMENT_VARIABLES = NO;
				RUNTIME_EXCEPTION_ALLOW_JIT = NO;
				RUNTIME_EXCEPTION_ALLOW_UNSIGNED_EXECUTABLE_MEMORY = NO;
				RUNTIME_EXCEPTION_DEBUGGING_TOOL = NO;
				RUNTIME_EXCEPTION_DISABLE_EXECUTABLE_PAGE_PROTECTION = NO;
				RUNTIME_EXCEPTION_DISABLE_LIBRARY_VALIDATION = NO;
				SUPPORTED_PLATFORMS = macosx;
				SUPPORTS_MACCATALYST = NO;
				SWIFT_EMIT_LOC_STRINGS = YES;
				SWIFT_VERSION = 5.0;
			};
			name = Release;
		};
/* End XCBuildConfiguration section */

/* Begin XCConfigurationList section */
		9EC1F2C12E9851EA0010D03D /* Build configuration list for PBXNativeTarget "cambarTests" */ = {
			isa = XCConfigurationList;
			buildConfigurations = (
				9EC1F2C22E9851EA0010D03D /* Debug configuration for PBXNativeTarget "cambarTests" */,
				9EC1F2C32E9851EA0010D03D /* Release configuration for PBXNativeTarget "cambarTests" */,
			);
			defaultConfigurationName = Release;
		};
		9EE27630299427130014163B /* Build configuration list for PBXProject "cambar" */ = {
			isa = XCConfigurationList;
			buildConfigurations = (
				9EE27642299427130014163B /* Debug configuration for PBXProject "cambar" */,
				9EE27643299427130014163B /* Release configuration for PBXProject "cambar" */,
			);
			defaultConfigurationName = Release;
		};
		9EE27644299427130014163B /* Build configuration list for PBXNativeTarget "cambar" */ = {
			isa = XCConfigurationList;
			buildConfigurations = (
				9EE27645299427130014163B /* Debug configuration for PBXNativeTarget "cambar" */,
				9EE27646299427130014163B /* Release configuration for PBXNativeTarget "cambar" */,
			);
			defaultConfigurationName = Release;
		};
/* End XCConfigurationList section */

/* Begin XCRemoteSwiftPackageReference section */
		9E913E432EA14FD2007F4010 /* XCRemoteSwiftPackageReference "KeyboardShortcuts" */ = {
			isa = XCRemoteSwiftPackageReference;
			repositoryURL = "https://github.com/sindresorhus/KeyboardShortcuts";
			requirement = {
				kind = upToNextMajorVersion;
				minimumVersion = 2.4.0;
			};
		};
/* End XCRemoteSwiftPackageReference section */

/* Begin XCSwiftPackageProductDependency section */
		9E913E442EA14FD2007F4010 /* KeyboardShortcuts */ = {
			isa = XCSwiftPackageProductDependency;
			package = 9E913E432EA14FD2007F4010 /* XCRemoteSwiftPackageReference "KeyboardShortcuts" */;
			productName = KeyboardShortcuts;
		};
/* End XCSwiftPackageProductDependency section */
	};
	rootObject = 9EE2762D299427130014163B /* Project object */;
}
