// !$*UTF8*$!
{
	archiveVersion = 1;
	classes = {
	};
	objectVersion = 56;
	objects = {

/* Begin PBXBuildFile section */
		9E0F77EF299BDF7500B5EFD2 /* Camera.swift in Sources */ = {isa = PBXBuildFile; fileRef = 9E0F77EE299BDF7500B5EFD2 /* Camera.swift */; };
		9E326ADB299D1AE50086F3E2 /* SettingsButton.swift in Sources */ = {isa = PBXBuildFile; fileRef = 9E326ADA299D1AE50086F3E2 /* SettingsButton.swift */; };
		9E89ADA72E3CEE5500C353C7 /* Documentation.docc in Sources */ = {isa = PBXBuildFile; fileRef = 9E89ADA62E3CEE5500C353C7 /* Documentation.docc */; };
		9E89ADA92E3CF3EB00C353C7 /* PreviewView.swift in Sources */ = {isa = PBXBuildFile; fileRef = 9E89ADA82E3CF3EB00C353C7 /* PreviewView.swift */; };
		9E89ADAB2E3CF3F800C353C7 /* ScreenshotOverlay.swift in Sources */ = {isa = PBXBuildFile; fileRef = 9E89ADAA2E3CF3F800C353C7 /* ScreenshotOverlay.swift */; };
		9E89ADAD2E3CF40400C353C7 /* PreviewViewUIController.swift in Sources */ = {isa = PBXBuildFile; fileRef = 9E89ADAC2E3CF40400C353C7 /* PreviewViewUIController.swift */; };
		9E89ADAF2E3CF41200C353C7 /* WindowKeyStateModifier.swift in Sources */ = {isa = PBXBuildFile; fileRef = 9E89ADAE2E3CF41200C353C7 /* WindowKeyStateModifier.swift */; };
		9EBB311F2E2FB8A600344386 /* CameraView.swift in Sources */ = {isa = PBXBuildFile; fileRef = 9EBB311E2E2FB8A600344386 /* CameraView.swift */; };
		9EE27639299427130014163B /* cambar.swift in Sources */ = {isa = PBXBuildFile; fileRef = 9EE27638299427130014163B /* cambar.swift */; };
		9EE2763B299427130014163B /* ContentView.swift in Sources */ = {isa = PBXBuildFile; fileRef = 9EE2763A299427130014163B /* ContentView.swift */; };
		9EE2763D299427130014163B /* Assets.xcassets in Resources */ = {isa = PBXBuildFile; fileRef = 9EE2763C299427130014163B /* Assets.xcassets */; };
		9EF6C1F12E2557930084A5B5 /* AVFoundation.framework in Frameworks */ = {isa = PBXBuildFile; fileRef = 9E86D5EE2E12F25000E07749 /* AVFoundation.framework */; };
/* End PBXBuildFile section */

/* Begin PBXFileReference section */
		9E0F77EE299BDF7500B5EFD2 /* Camera.swift */ = {isa = PBXFileReference; fileEncoding = 4; lastKnownFileType = sourcecode.swift; path = Camera.swift; sourceTree = "<group>"; };
		9E326ADA299D1AE50086F3E2 /* SettingsButton.swift */ = {isa = PBXFileReference; lastKnownFileType = sourcecode.swift; path = SettingsButton.swift; sourceTree = "<group>"; };
		9E86D5EE2E12F25000E07749 /* AVFoundation.framework */ = {isa = PBXFileReference; lastKnownFileType = wrapper.framework; name = AVFoundation.framework; path = System/Library/Frameworks/AVFoundation.framework; sourceTree = SDKROOT; };
		9E89ADA62E3CEE5500C353C7 /* Documentation.docc */ = {isa = PBXFileReference; lastKnownFileType = folder.documentationcatalog; path = Documentation.docc; sourceTree = "<group>"; };
		9E89ADA82E3CF3EB00C353C7 /* PreviewView.swift */ = {isa = PBXFileReference; lastKnownFileType = sourcecode.swift; path = PreviewView.swift; sourceTree = "<group>"; };
		9E89ADAA2E3CF3F800C353C7 /* ScreenshotOverlay.swift */ = {isa = PBXFileReference; lastKnownFileType = sourcecode.swift; path = ScreenshotOverlay.swift; sourceTree = "<group>"; };
		9E89ADAC2E3CF40400C353C7 /* PreviewViewUIController.swift */ = {isa = PBXFileReference; lastKnownFileType = sourcecode.swift; path = PreviewViewUIController.swift; sourceTree = "<group>"; };
		9E89ADAE2E3CF41200C353C7 /* WindowKeyStateModifier.swift */ = {isa = PBXFileReference; lastKnownFileType = sourcecode.swift; path = WindowKeyStateModifier.swift; sourceTree = "<group>"; };
		9EBB311E2E2FB8A600344386 /* CameraView.swift */ = {isa = PBXFileReference; lastKnownFileType = sourcecode.swift; path = CameraView.swift; sourceTree = "<group>"; };
		9EE27635299427130014163B /* cambar.app */ = {isa = PBXFileReference; explicitFileType = wrapper.application; includeInIndex = 0; path = cambar.app; sourceTree = BUILT_PRODUCTS_DIR; };
		9EE27638299427130014163B /* cambar.swift */ = {isa = PBXFileReference; lastKnownFileType = sourcecode.swift; path = cambar.swift; sourceTree = "<group>"; };
		9EE2763A299427130014163B /* ContentView.swift */ = {isa = PBXFileReference; lastKnownFileType = sourcecode.swift; path = ContentView.swift; sourceTree = "<group>"; };
		9EE2763C299427130014163B /* Assets.xcassets */ = {isa = PBXFileReference; lastKnownFileType = folder.assetcatalog; path = Assets.xcassets; sourceTree = "<group>"; };
		9EE2763F299427130014163B /* Preview Assets.xcassets */ = {isa = PBXFileReference; lastKnownFileType = folder.assetcatalog; path = "Preview Assets.xcassets"; sourceTree = "<group>"; };
		9EE27641299427130014163B /* cambar.entitlements */ = {isa = PBXFileReference; lastKnownFileType = text.plist.entitlements; path = cambar.entitlements; sourceTree = "<group>"; };
		9EE27647299427740014163B /* Info.plist */ = {isa = PBXFileReference; lastKnownFileType = text.plist; path = Info.plist; sourceTree = "<group>"; };
/* End PBXFileReference section */

/* Begin PBXFrameworksBuildPhase section */
		9EE27632299427130014163B /* Frameworks */ = {
			isa = PBXFrameworksBuildPhase;
			buildActionMask = 2147483647;
			files = (
				9EF6C1F12E2557930084A5B5 /* AVFoundation.framework in Frameworks */,
			);
			runOnlyForDeploymentPostprocessing = 0;
		};
/* End PBXFrameworksBuildPhase section */

/* Begin PBXGroup section */
		9E86D5ED2E12F24F00E07749 /* Frameworks */ = {
			isa = PBXGroup;
			children = (
				9E86D5EE2E12F25000E07749 /* AVFoundation.framework */,
			);
			name = Frameworks;
			sourceTree = "<group>";
		};
		9EE2762C299427130014163B = {
			isa = PBXGroup;
			children = (
				9EE27637299427130014163B /* cambar */,
				9E86D5ED2E12F24F00E07749 /* Frameworks */,
				9EE27636299427130014163B /* Products */,
			);
			sourceTree = "<group>";
		};
		9EE27636299427130014163B /* Products */ = {
			isa = PBXGroup;
			children = (
				9EE27635299427130014163B /* cambar.app */,
			);
			name = Products;
			sourceTree = "<group>";
		};
		9EE27637299427130014163B /* cambar */ = {
			isa = PBXGroup;
			children = (
				9EFF96D62E7C550000944B9A /* Views */,
				9EE27647299427740014163B /* Info.plist */,
				9EE27638299427130014163B /* cambar.swift */,
				9E89ADAE2E3CF41200C353C7 /* WindowKeyStateModifier.swift */,
				9E89ADAC2E3CF40400C353C7 /* PreviewViewUIController.swift */,
				9E326ADA299D1AE50086F3E2 /* SettingsButton.swift */,
				9EFF96D72E7C551800944B9A /* Assets */,
				9EE27641299427130014163B /* cambar.entitlements */,
				9EE2763E299427130014163B /* Preview Content */,
				9E89ADA62E3CEE5500C353C7 /* Documentation.docc */,
				9E0F77EE299BDF7500B5EFD2 /* Camera.swift */,
			);
			path = cambar;
			sourceTree = "<group>";
		};
		9EE2763E299427130014163B /* Preview Content */ = {
			isa = PBXGroup;
			children = (
				9EE2763F299427130014163B /* Preview Assets.xcassets */,
			);
			path = "Preview Content";
			sourceTree = "<group>";
		};
		9EFF96D62E7C550000944B9A /* Views */ = {
			isa = PBXGroup;
			children = (
				9EE2763A299427130014163B /* ContentView.swift */,
				9EBB311E2E2FB8A600344386 /* CameraView.swift */,
				9E89ADA82E3CF3EB00C353C7 /* PreviewView.swift */,
				9E89ADAA2E3CF3F800C353C7 /* ScreenshotOverlay.swift */,
			);
			path = Views;
			sourceTree = "<group>";
		};
		9EFF96D72E7C551800944B9A /* Assets */ = {
			isa = PBXGroup;
			children = (
				9EE2763C299427130014163B /* Assets.xcassets */,
			);
			path = Assets;
			sourceTree = "<group>";
		};
/* End PBXGroup section */

/* Begin PBXNativeTarget section */
		9EE27634299427130014163B /* cambar */ = {
			isa = PBXNativeTarget;
			buildConfigurationList = 9EE27644299427130014163B /* Build configuration list for PBXNativeTarget "cambar" */;
			buildPhases = (
				9EE27631299427130014163B /* Sources */,
				9EE27632299427130014163B /* Frameworks */,
				9EE27633299427130014163B /* Resources */,
			);
			buildRules = (
			);
			dependencies = (
			);
			name = cambar;
			productName = camprey;
			productReference = 9EE27635299427130014163B /* cambar.app */;
			productType = "com.apple.product-type.application";
		};
/* End PBXNativeTarget section */

/* Begin PBXProject section */
		9EE2762D299427130014163B /* Project object */ = {
			isa = PBXProject;
			attributes = {
				BuildIndependentTargetsInParallel = 1;
				LastSwiftUpdateCheck = 1420;
				LastUpgradeCheck = 2600;
				TargetAttributes = {
					9EE27634299427130014163B = {
						CreatedOnToolsVersion = 14.2;
					};
				};
			};
			buildConfigurationList = 9EE27630299427130014163B /* Build configuration list for PBXProject "cambar" */;
			compatibilityVersion = "Xcode 14.0";
			developmentRegion = en;
			hasScannedForEncodings = 0;
			knownRegions = (
				en,
				Base,
			);
			mainGroup = 9EE2762C299427130014163B;
			productRefGroup = 9EE27636299427130014163B /* Products */;
			projectDirPath = "";
			projectRoot = "";
			targets = (
				9EE27634299427130014163B /* cambar */,
			);
		};
/* End PBXProject section */

/* Begin PBXResourcesBuildPhase section */
		9EE27633299427130014163B /* Resources */ = {
			isa = PBXResourcesBuildPhase;
			buildActionMask = 2147483647;
			files = (
				9EE2763D299427130014163B /* Assets.xcassets in Resources */,
			);
			runOnlyForDeploymentPostprocessing = 0;
		};
/* End PBXResourcesBuildPhase section */

/* Begin PBXSourcesBuildPhase section */
		9EE27631299427130014163B /* Sources */ = {
			isa = PBXSourcesBuildPhase;
			buildActionMask = 2147483647;
			files = (
				9EBB311F2E2FB8A600344386 /* CameraView.swift in Sources */,
				9E89ADA72E3CEE5500C353C7 /* Documentation.docc in Sources */,
				9E89ADAB2E3CF3F800C353C7 /* ScreenshotOverlay.swift in Sources */,
				9E89ADA92E3CF3EB00C353C7 /* PreviewView.swift in Sources */,
				9E326ADB299D1AE50086F3E2 /* SettingsButton.swift in Sources */,
				9E89ADAD2E3CF40400C353C7 /* PreviewViewUIController.swift in Sources */,
				9E89ADAF2E3CF41200C353C7 /* WindowKeyStateModifier.swift in Sources */,
				9EE2763B299427130014163B /* ContentView.swift in Sources */,
				9EE27639299427130014163B /* cambar.swift in Sources */,
				9E0F77EF299BDF7500B5EFD2 /* Camera.swift in Sources */,
			);
			runOnlyForDeploymentPostprocessing = 0;
		};
/* End PBXSourcesBuildPhase section */

/* Begin XCBuildConfiguration section */
		9EE27642299427130014163B /* Debug */ = {
			isa = XCBuildConfiguration;
			buildSettings = {
				ALWAYS_SEARCH_USER_PATHS = NO;
				CLANG_ANALYZER_NONNULL = YES;
				CLANG_ANALYZER_NUMBER_OBJECT_CONVERSION = YES_AGGRESSIVE;
				CLANG_CXX_LANGUAGE_STANDARD = "gnu++20";
				CLANG_ENABLE_MODULES = YES;
				CLANG_ENABLE_OBJC_ARC = YES;
				CLANG_ENABLE_OBJC_WEAK = YES;
				CLANG_WARN_BLOCK_CAPTURE_AUTORELEASING = YES;
				CLANG_WARN_BOOL_CONVERSION = YES;
				CLANG_WARN_COMMA = YES;
				CLANG_WARN_CONSTANT_CONVERSION = YES;
				CLANG_WARN_DEPRECATED_OBJC_IMPLEMENTATIONS = YES;
				CLANG_WARN_DIRECT_OBJC_ISA_USAGE = YES_ERROR;
				CLANG_WARN_DOCUMENTATION_COMMENTS = YES;
				CLANG_WARN_EMPTY_BODY = YES;
				CLANG_WARN_ENUM_CONVERSION = YES;
				CLANG_WARN_INFINITE_RECURSION = YES;
				CLANG_WARN_INT_CONVERSION = YES;
				CLANG_WARN_NON_LITERAL_NULL_CONVERSION = YES;
				CLANG_WARN_OBJC_IMPLICIT_RETAIN_SELF = YES;
				CLANG_WARN_OBJC_LITERAL_CONVERSION = YES;
				CLANG_WARN_OBJC_ROOT_CLASS = YES_ERROR;
				CLANG_WARN_QUOTED_INCLUDE_IN_FRAMEWORK_HEADER = YES;
				CLANG_WARN_RANGE_LOOP_ANALYSIS = YES;
				CLANG_WARN_STRICT_PROTOTYPES = YES;
				CLANG_WARN_SUSPICIOUS_MOVE = YES;
				CLANG_WARN_UNGUARDED_AVAILABILITY = YES_AGGRESSIVE;
				CLANG_WARN_UNREACHABLE_CODE = YES;
				CLANG_WARN__DUPLICATE_METHOD_MATCH = YES;
				COPY_PHASE_STRIP = NO;
				DEAD_CODE_STRIPPING = YES;
				DEBUG_INFORMATION_FORMAT = dwarf;
				DEVELOPMENT_TEAM = TM3VXQ389G;
				ENABLE_STRICT_OBJC_MSGSEND = YES;
				ENABLE_TESTABILITY = YES;
				ENABLE_USER_SCRIPT_SANDBOXING = YES;
				GCC_C_LANGUAGE_STANDARD = gnu11;
				GCC_DYNAMIC_NO_PIC = NO;
				GCC_NO_COMMON_BLOCKS = YES;
				GCC_OPTIMIZATION_LEVEL = 0;
				GCC_PREPROCESSOR_DEFINITIONS = (
					"DEBUG=1",
					"$(inherited)",
				);
				GCC_WARN_64_TO_32_BIT_CONVERSION = YES;
				GCC_WARN_ABOUT_RETURN_TYPE = YES_ERROR;
				GCC_WARN_UNDECLARED_SELECTOR = YES;
				GCC_WARN_UNINITIALIZED_AUTOS = YES_AGGRESSIVE;
				GCC_WARN_UNUSED_FUNCTION = YES;
				GCC_WARN_UNUSED_VARIABLE = YES;
				MACOSX_DEPLOYMENT_TARGET = 26.0;
				MTL_ENABLE_DEBUG_INFO = INCLUDE_SOURCE;
				MTL_FAST_MATH = YES;
				ONLY_ACTIVE_ARCH = YES;
				SDKROOT = macosx;
				STRING_CATALOG_GENERATE_SYMBOLS = YES;
				SWIFT_ACTIVE_COMPILATION_CONDITIONS = DEBUG;
				SWIFT_OPTIMIZATION_LEVEL = "-Onone";
			};
			name = Debug;
		};
		9EE27643299427130014163B /* Release */ = {
			isa = XCBuildConfiguration;
			buildSettings = {
				ALWAYS_SEARCH_USER_PATHS = NO;
				CLANG_ANALYZER_NONNULL = YES;
				CLANG_ANALYZER_NUMBER_OBJECT_CONVERSION = YES_AGGRESSIVE;
				CLANG_CXX_LANGUAGE_STANDARD = "gnu++20";
				CLANG_ENABLE_MODULES = YES;
				CLANG_ENABLE_OBJC_ARC = YES;
				CLANG_ENABLE_OBJC_WEAK = YES;
				CLANG_WARN_BLOCK_CAPTURE_AUTORELEASING = YES;
				CLANG_WARN_BOOL_CONVERSION = YES;
				CLANG_WARN_COMMA = YES;
				CLANG_WARN_CONSTANT_CONVERSION = YES;
				CLANG_WARN_DEPRECATED_OBJC_IMPLEMENTATIONS = YES;
				CLANG_WARN_DIRECT_OBJC_ISA_USAGE = YES_ERROR;
				CLANG_WARN_DOCUMENTATION_COMMENTS = YES;
				CLANG_WARN_EMPTY_BODY = YES;
				CLANG_WARN_ENUM_CONVERSION = YES;
				CLANG_WARN_INFINITE_RECURSION = YES;
				CLANG_WARN_INT_CONVERSION = YES;
				CLANG_WARN_NON_LITERAL_NULL_CONVERSION = YES;
				CLANG_WARN_OBJC_IMPLICIT_RETAIN_SELF = YES;
				CLANG_WARN_OBJC_LITERAL_CONVERSION = YES;
				CLANG_WARN_OBJC_ROOT_CLASS = YES_ERROR;
				CLANG_WARN_QUOTED_INCLUDE_IN_FRAMEWORK_HEADER = YES;
				CLANG_WARN_RANGE_LOOP_ANALYSIS = YES;
				CLANG_WARN_STRICT_PROTOTYPES = YES;
				CLANG_WARN_SUSPICIOUS_MOVE = YES;
				CLANG_WARN_UNGUARDED_AVAILABILITY = YES_AGGRESSIVE;
				CLANG_WARN_UNREACHABLE_CODE = YES;
				CLANG_WARN__DUPLICATE_METHOD_MATCH = YES;
				COPY_PHASE_STRIP = NO;
				DEAD_CODE_STRIPPING = YES;
				DEBUG_INFORMATION_FORMAT = "dwarf-with-dsym";
				DEVELOPMENT_TEAM = TM3VXQ389G;
				ENABLE_NS_ASSERTIONS = NO;
				ENABLE_STRICT_OBJC_MSGSEND = YES;
				ENABLE_USER_SCRIPT_SANDBOXING = YES;
				GCC_C_LANGUAGE_STANDARD = gnu11;
				GCC_NO_COMMON_BLOCKS = YES;
				GCC_WARN_64_TO_32_BIT_CONVERSION = YES;
				GCC_WARN_ABOUT_RETURN_TYPE = YES_ERROR;
				GCC_WARN_UNDECLARED_SELECTOR = YES;
				GCC_WARN_UNINITIALIZED_AUTOS = YES_AGGRESSIVE;
				GCC_WARN_UNUSED_FUNCTION = YES;
				GCC_WARN_UNUSED_VARIABLE = YES;
				MACOSX_DEPLOYMENT_TARGET = 26.0;
				MTL_ENABLE_DEBUG_INFO = NO;
				MTL_FAST_MATH = YES;
				SDKROOT = macosx;
				STRING_CATALOG_GENERATE_SYMBOLS = YES;
				SWIFT_COMPILATION_MODE = wholemodule;
				SWIFT_OPTIMIZATION_LEVEL = "-O";
			};
			name = Release;
		};
		9EE27645299427130014163B /* Debug */ = {
			isa = XCBuildConfiguration;
			buildSettings = {
				ASSETCATALOG_COMPILER_APPICON_NAME = AppIcon;
				ASSETCATALOG_COMPILER_GLOBAL_ACCENT_COLOR_NAME = AccentColor;
				ASSETCATALOG_COMPILER_INCLUDE_ALL_APPICON_ASSETS = YES;
				AUTOMATION_APPLE_EVENTS = NO;
				CODE_SIGN_ENTITLEMENTS = cambar/cambar.entitlements;
				CODE_SIGN_IDENTITY = "Apple Development";
				"CODE_SIGN_IDENTITY[sdk=macosx*]" = "Apple Development";
				CODE_SIGN_STYLE = Automatic;
				COMBINE_HIDPI_IMAGES = YES;
				CURRENT_PROJECT_VERSION = 1;
				DEAD_CODE_STRIPPING = YES;
				DEVELOPMENT_ASSET_PATHS = "";
				ENABLE_APP_SANDBOX = YES;
				ENABLE_HARDENED_RUNTIME = YES;
				ENABLE_INCOMING_NETWORK_CONNECTIONS = NO;
				ENABLE_OUTGOING_NETWORK_CONNECTIONS = NO;
				ENABLE_PREVIEWS = YES;
				ENABLE_RESOURCE_ACCESS_AUDIO_INPUT = NO;
				ENABLE_RESOURCE_ACCESS_BLUETOOTH = NO;
				ENABLE_RESOURCE_ACCESS_CALENDARS = NO;
				ENABLE_RESOURCE_ACCESS_CAMERA = YES;
				ENABLE_RESOURCE_ACCESS_CONTACTS = NO;
				ENABLE_RESOURCE_ACCESS_LOCATION = NO;
				ENABLE_RESOURCE_ACCESS_PHOTO_LIBRARY = NO;
				ENABLE_RESOURCE_ACCESS_PRINTING = NO;
				ENABLE_RESOURCE_ACCESS_USB = YES;
				GENERATE_INFOPLIST_FILE = YES;
				INFOPLIST_FILE = cambar/Info.plist;
				INFOPLIST_KEY_CFBundleDisplayName = "cambar - menubar camera view";
				INFOPLIST_KEY_LSApplicationCategoryType = "public.app-category.video";
				INFOPLIST_KEY_LSUIElement = YES;
				INFOPLIST_KEY_NSCameraUsageDescription = "We need your camera so we can see you!";
				INFOPLIST_KEY_NSHumanReadableCopyright = "";
				LD_RUNPATH_SEARCH_PATHS = (
					"$(inherited)",
					"@executable_path/../Frameworks",
				);
				MACOSX_DEPLOYMENT_TARGET = 26.0;
				MARKETING_VERSION = 1.11;
				PRODUCT_BUNDLE_IDENTIFIER = com.stdev.cambar;
				PRODUCT_NAME = "$(TARGET_NAME)";
				PROVISIONING_PROFILE_SPECIFIER = "";
				RUNTIME_EXCEPTION_ALLOW_DYLD_ENVIRONMENT_VARIABLES = NO;
				RUNTIME_EXCEPTION_ALLOW_JIT = NO;
				RUNTIME_EXCEPTION_ALLOW_UNSIGNED_EXECUTABLE_MEMORY = NO;
				RUNTIME_EXCEPTION_DEBUGGING_TOOL = NO;
				RUNTIME_EXCEPTION_DISABLE_EXECUTABLE_PAGE_PROTECTION = NO;
				RUNTIME_EXCEPTION_DISABLE_LIBRARY_VALIDATION = NO;
				SUPPORTED_PLATFORMS = macosx;
				SUPPORTS_MACCATALYST = NO;
				SWIFT_EMIT_LOC_STRINGS = YES;
				SWIFT_VERSION = 5.0;
			};
			name = Debug;
		};
		9EE27646299427130014163B /* Release */ = {
			isa = XCBuildConfiguration;
			buildSettings = {
				ASSETCATALOG_COMPILER_APPICON_NAME = AppIcon;
				ASSETCATALOG_COMPILER_GLOBAL_ACCENT_COLOR_NAME = AccentColor;
				ASSETCATALOG_COMPILER_INCLUDE_ALL_APPICON_ASSETS = YES;
				AUTOMATION_APPLE_EVENTS = NO;
				CODE_SIGN_ENTITLEMENTS = cambar/cambar.entitlements;
				CODE_SIGN_IDENTITY = "Apple Development";
				"CODE_SIGN_IDENTITY[sdk=macosx*]" = "Apple Development";
				CODE_SIGN_STYLE = Automatic;
				COMBINE_HIDPI_IMAGES = YES;
				CURRENT_PROJECT_VERSION = 1;
				DEAD_CODE_STRIPPING = YES;
				DEVELOPMENT_ASSET_PATHS = "";
				ENABLE_APP_SANDBOX = YES;
				ENABLE_HARDENED_RUNTIME = YES;
				ENABLE_INCOMING_NETWORK_CONNECTIONS = NO;
				ENABLE_OUTGOING_NETWORK_CONNECTIONS = NO;
				ENABLE_PREVIEWS = YES;
				ENABLE_RESOURCE_ACCESS_AUDIO_INPUT = NO;
				ENABLE_RESOURCE_ACCESS_BLUETOOTH = NO;
				ENABLE_RESOURCE_ACCESS_CALENDARS = NO;
				ENABLE_RESOURCE_ACCESS_CAMERA = YES;
				ENABLE_RESOURCE_ACCESS_CONTACTS = NO;
				ENABLE_RESOURCE_ACCESS_LOCATION = NO;
				ENABLE_RESOURCE_ACCESS_PHOTO_LIBRARY = NO;
				ENABLE_RESOURCE_ACCESS_PRINTING = NO;
				ENABLE_RESOURCE_ACCESS_USB = YES;
				GENERATE_INFOPLIST_FILE = YES;
				INFOPLIST_FILE = cambar/Info.plist;
				INFOPLIST_KEY_CFBundleDisplayName = "cambar - menubar camera view";
				INFOPLIST_KEY_LSApplicationCategoryType = "public.app-category.video";
				INFOPLIST_KEY_LSUIElement = YES;
				INFOPLIST_KEY_NSCameraUsageDescription = "We need your camera so we can see you!";
				INFOPLIST_KEY_NSHumanReadableCopyright = "";
				LD_RUNPATH_SEARCH_PATHS = (
					"$(inherited)",
					"@executable_path/../Frameworks",
				);
				MACOSX_DEPLOYMENT_TARGET = 26.0;
				MARKETING_VERSION = 1.11;
				PRODUCT_BUNDLE_IDENTIFIER = com.stdev.cambar;
				PRODUCT_NAME = "$(TARGET_NAME)";
				PROVISIONING_PROFILE_SPECIFIER = "";
				RUNTIME_EXCEPTION_ALLOW_DYLD_ENVIRONMENT_VARIABLES = NO;
				RUNTIME_EXCEPTION_ALLOW_JIT = NO;
				RUNTIME_EXCEPTION_ALLOW_UNSIGNED_EXECUTABLE_MEMORY = NO;
				RUNTIME_EXCEPTION_DEBUGGING_TOOL = NO;
				RUNTIME_EXCEPTION_DISABLE_EXECUTABLE_PAGE_PROTECTION = NO;
				RUNTIME_EXCEPTION_DISABLE_LIBRARY_VALIDATION = NO;
				SUPPORTED_PLATFORMS = macosx;
				SUPPORTS_MACCATALYST = NO;
				SWIFT_EMIT_LOC_STRINGS = YES;
				SWIFT_VERSION = 5.0;
			};
			name = Release;
		};
/* End XCBuildConfiguration section */

/* Begin XCConfigurationList section */
		9EE27630299427130014163B /* Build configuration list for PBXProject "cambar" */ = {
			isa = XCConfigurationList;
			buildConfigurations = (
				9EE27642299427130014163B /* Debug */,
				9EE27643299427130014163B /* Release */,
			);
			defaultConfigurationIsVisible = 0;
			defaultConfigurationName = Release;
		};
		9EE27644299427130014163B /* Build configuration list for PBXNativeTarget "cambar" */ = {
			isa = XCConfigurationList;
			buildConfigurations = (
				9EE27645299427130014163B /* Debug */,
				9EE27646299427130014163B /* Release */,
			);
			defaultConfigurationIsVisible = 0;
			defaultConfigurationName = Release;
		};
/* End XCConfigurationList section */
	};
	rootObject = 9EE2762D299427130014163B /* Project object */;
}
